
Microsoft Visual Studio Solution File, Format Version 12.00
# Visual Studio Version 17
VisualStudioVersion = 17.3.32929.385
MinimumVisualStudioVersion = 10.0.40219.1
Project("{13B669BE-BB05-4DDF-9536-439F39A36129}") = "Schedule", "Schedule.phpproj", "{A7F670AE-E8E8-4DBE-92D6-46CA6E85B6CC}"
EndProject
Global
	GlobalSection(SolutionConfigurationPlatforms) = preSolution
		Debug|Any CPU = Debug|Any CPU
		Release|Any CPU = Release|Any CPU
	EndGlobalSection
	GlobalSection(ProjectConfigurationPlatforms) = postSolution
		{A7F670AE-E8E8-4DBE-92D6-46CA6E85B6CC}.Debug|Any CPU.ActiveCfg = Debug|Any CPU
		{A7F670AE-E8E8-4DBE-92D6-46CA6E85B6CC}.Debug|Any CPU.Build.0 = Debug|Any CPU
		{A7F670AE-E8E8-4DBE-92D6-46CA6E85B6CC}.Release|Any CPU.ActiveCfg = Release|Any CPU
		{A7F670AE-E8E8-4DBE-92D6-46CA6E85B6CC}.Release|Any CPU.Build.0 = Release|Any CPU
	EndGlobalSection
	GlobalSection(SolutionProperties) = preSolution
		HideSolutionNode = FALSE
	EndGlobalSection
	GlobalSection(ExtensibilityGlobals) = postSolution
		SolutionGuid = {270A77EC-DAB9-4D32-9F93-AFDA96B70D87}
	EndGlobalSection
EndGlobal
